
Microsoft Visual Studio Solution File, Format Version 12.00
# Visual Studio Version 17
VisualStudioVersion = 17.3.32825.248
MinimumVisualStudioVersion = 10.0.40219.1
Project("{9A19103F-16F7-4668-BE54-9A1E7A4F7556}") = "ValdoBase", "ValdoBase\ValdoBase.csproj", "{3AB6E778-BC9F-4D1A-A86D-45E138ADDFB9}"
EndProject
Project("{2150E333-8FDC-42A3-9474-1A3956D46DE8}") = "1 - Application", "1 - Application", "{002D4654-5513-4480-8CD6-90F704128869}"
EndProject
Project("{2150E333-8FDC-42A3-9474-1A3956D46DE8}") = "2 - Services", "2 - Services", "{C20F3E45-3458-4467-836D-8A44AEF458E2}"
EndProject
Project("{2150E333-8FDC-42A3-9474-1A3956D46DE8}") = "4 - Domain", "4 - Domain", "{42B4CBBC-E55D-4C89-95D6-C653ADC5AF23}"
EndProject
Project("{9A19103F-16F7-4668-BE54-9A1E7A4F7556}") = "ValdoBase.Database", "ValdoBase.Repositories\ValdoBase.Database.csproj", "{36110EDE-8BE3-4E84-BE01-CEE08F9CA8AE}"
EndProject
Project("{9A19103F-16F7-4668-BE54-9A1E7A4F7556}") = "ValdoBase.Domain", "ValdoBase.Domain\ValdoBase.Domain.csproj", "{A388C6DD-2535-4911-8CDC-DF3B8413D4F5}"
EndProject
Project("{FAE04EC0-301F-11D3-BF4B-00C04F79EFBC}") = "ValdoBase.Configuration", "ValdoBase.Configuration\ValdoBase.Configuration.csproj", "{10A2B8D3-1702-4B15-B663-65DA3A9F78DA}"
EndProject
Project("{FAE04EC0-301F-11D3-BF4B-00C04F79EFBC}") = "ValdoBase.IoC", "ValdoBase.IoC\ValdoBase.IoC.csproj", "{A8692D97-95F3-4951-86D5-FF0EDEEA8AAA}"
EndProject
Project("{2150E333-8FDC-42A3-9474-1A3956D46DE8}") = "3 - Infraestrutura", "3 - Infraestrutura", "{4732139E-C855-4650-816D-BAB92F8CC39C}"
EndProject
Project("{2150E333-8FDC-42A3-9474-1A3956D46DE8}") = "3.1 - CrossCutting", "3.1 - CrossCutting", "{FB624E2B-7546-499A-974C-AE5E60CE2B83}"
EndProject
Global
	GlobalSection(SolutionConfigurationPlatforms) = preSolution
		Debug|Any CPU = Debug|Any CPU
		Release|Any CPU = Release|Any CPU
	EndGlobalSection
	GlobalSection(ProjectConfigurationPlatforms) = postSolution
		{3AB6E778-BC9F-4D1A-A86D-45E138ADDFB9}.Debug|Any CPU.ActiveCfg = Debug|Any CPU
		{3AB6E778-BC9F-4D1A-A86D-45E138ADDFB9}.Debug|Any CPU.Build.0 = Debug|Any CPU
		{3AB6E778-BC9F-4D1A-A86D-45E138ADDFB9}.Release|Any CPU.ActiveCfg = Release|Any CPU
		{3AB6E778-BC9F-4D1A-A86D-45E138ADDFB9}.Release|Any CPU.Build.0 = Release|Any CPU
		{36110EDE-8BE3-4E84-BE01-CEE08F9CA8AE}.Debug|Any CPU.ActiveCfg = Debug|Any CPU
		{36110EDE-8BE3-4E84-BE01-CEE08F9CA8AE}.Debug|Any CPU.Build.0 = Debug|Any CPU
		{36110EDE-8BE3-4E84-BE01-CEE08F9CA8AE}.Release|Any CPU.ActiveCfg = Release|Any CPU
		{36110EDE-8BE3-4E84-BE01-CEE08F9CA8AE}.Release|Any CPU.Build.0 = Release|Any CPU
		{A388C6DD-2535-4911-8CDC-DF3B8413D4F5}.Debug|Any CPU.ActiveCfg = Debug|Any CPU
		{A388C6DD-2535-4911-8CDC-DF3B8413D4F5}.Debug|Any CPU.Build.0 = Debug|Any CPU
		{A388C6DD-2535-4911-8CDC-DF3B8413D4F5}.Release|Any CPU.ActiveCfg = Release|Any CPU
		{A388C6DD-2535-4911-8CDC-DF3B8413D4F5}.Release|Any CPU.Build.0 = Release|Any CPU
		{10A2B8D3-1702-4B15-B663-65DA3A9F78DA}.Debug|Any CPU.ActiveCfg = Debug|Any CPU
		{10A2B8D3-1702-4B15-B663-65DA3A9F78DA}.Debug|Any CPU.Build.0 = Debug|Any CPU
		{10A2B8D3-1702-4B15-B663-65DA3A9F78DA}.Release|Any CPU.ActiveCfg = Release|Any CPU
		{10A2B8D3-1702-4B15-B663-65DA3A9F78DA}.Release|Any CPU.Build.0 = Release|Any CPU
		{A8692D97-95F3-4951-86D5-FF0EDEEA8AAA}.Debug|Any CPU.ActiveCfg = Debug|Any CPU
		{A8692D97-95F3-4951-86D5-FF0EDEEA8AAA}.Debug|Any CPU.Build.0 = Debug|Any CPU
		{A8692D97-95F3-4951-86D5-FF0EDEEA8AAA}.Release|Any CPU.ActiveCfg = Release|Any CPU
		{A8692D97-95F3-4951-86D5-FF0EDEEA8AAA}.Release|Any CPU.Build.0 = Release|Any CPU
	EndGlobalSection
	GlobalSection(SolutionProperties) = preSolution
		HideSolutionNode = FALSE
	EndGlobalSection
	GlobalSection(NestedProjects) = preSolution
		{3AB6E778-BC9F-4D1A-A86D-45E138ADDFB9} = {002D4654-5513-4480-8CD6-90F704128869}
		{36110EDE-8BE3-4E84-BE01-CEE08F9CA8AE} = {4732139E-C855-4650-816D-BAB92F8CC39C}
		{A388C6DD-2535-4911-8CDC-DF3B8413D4F5} = {42B4CBBC-E55D-4C89-95D6-C653ADC5AF23}
		{10A2B8D3-1702-4B15-B663-65DA3A9F78DA} = {FB624E2B-7546-499A-974C-AE5E60CE2B83}
		{A8692D97-95F3-4951-86D5-FF0EDEEA8AAA} = {FB624E2B-7546-499A-974C-AE5E60CE2B83}
		{FB624E2B-7546-499A-974C-AE5E60CE2B83} = {4732139E-C855-4650-816D-BAB92F8CC39C}
	EndGlobalSection
	GlobalSection(ExtensibilityGlobals) = postSolution
		SolutionGuid = {3DFDD032-E492-4606-A5F8-4FF44464B477}
	EndGlobalSection
EndGlobal
